
Microsoft Visual Studio Solution File, Format Version 12.00
Project("{FAE04EC0-301F-11D3-BF4B-00C04F79EFBC}") = "ReviewChecker", "ReviewChecker\ReviewChecker.csproj", "{4F404430-8B78-40E2-88D7-143862D64937}"
EndProject
Project("{FAE04EC0-301F-11D3-BF4B-00C04F79EFBC}") = "ReviewChecker.MLModelBuilder", "ReviewChecker.MLModelBuilder\ReviewChecker.MLModelBuilder.csproj", "{9FD60162-7BD2-4434-800B-14429907959F}"
EndProject
Global
	GlobalSection(SolutionConfigurationPlatforms) = preSolution
		Debug|Any CPU = Debug|Any CPU
		Release|Any CPU = Release|Any CPU
	EndGlobalSection
	GlobalSection(ProjectConfigurationPlatforms) = postSolution
		{4F404430-8B78-40E2-88D7-143862D64937}.Debug|Any CPU.ActiveCfg = Debug|Any CPU
		{4F404430-8B78-40E2-88D7-143862D64937}.Debug|Any CPU.Build.0 = Debug|Any CPU
		{4F404430-8B78-40E2-88D7-143862D64937}.Release|Any CPU.ActiveCfg = Release|Any CPU
		{4F404430-8B78-40E2-88D7-143862D64937}.Release|Any CPU.Build.0 = Release|Any CPU
		{9FD60162-7BD2-4434-800B-14429907959F}.Debug|Any CPU.ActiveCfg = Debug|Any CPU
		{9FD60162-7BD2-4434-800B-14429907959F}.Debug|Any CPU.Build.0 = Debug|Any CPU
		{9FD60162-7BD2-4434-800B-14429907959F}.Release|Any CPU.ActiveCfg = Release|Any CPU
		{9FD60162-7BD2-4434-800B-14429907959F}.Release|Any CPU.Build.0 = Release|Any CPU
	EndGlobalSection
EndGlobal
